
Microsoft Visual Studio Solution File, Format Version 12.00
# Visual Studio Version 17
VisualStudioVersion = 17.10.35122.118
MinimumVisualStudioVersion = 10.0.40219.1
Project("{9A19103F-16F7-4668-BE54-9A1E7A4F7556}") = "SimpleOrders", "SimpleOrders\SimpleOrders.csproj", "{09DCFE6D-4365-442A-B2DD-5101FB661E5B}"
EndProject
Project("{9A19103F-16F7-4668-BE54-9A1E7A4F7556}") = "Core", "Core\Core.csproj", "{2245AAEB-B1B2-43B7-83AA-937C90C5F2C0}"
EndProject
Global
	GlobalSection(SolutionConfigurationPlatforms) = preSolution
		Debug|Any CPU = Debug|Any CPU
		Release|Any CPU = Release|Any CPU
	EndGlobalSection
	GlobalSection(ProjectConfigurationPlatforms) = postSolution
		{09DCFE6D-4365-442A-B2DD-5101FB661E5B}.Debug|Any CPU.ActiveCfg = Debug|Any CPU
		{09DCFE6D-4365-442A-B2DD-5101FB661E5B}.Debug|Any CPU.Build.0 = Debug|Any CPU
		{09DCFE6D-4365-442A-B2DD-5101FB661E5B}.Release|Any CPU.ActiveCfg = Release|Any CPU
		{09DCFE6D-4365-442A-B2DD-5101FB661E5B}.Release|Any CPU.Build.0 = Release|Any CPU
		{2245AAEB-B1B2-43B7-83AA-937C90C5F2C0}.Debug|Any CPU.ActiveCfg = Debug|Any CPU
		{2245AAEB-B1B2-43B7-83AA-937C90C5F2C0}.Debug|Any CPU.Build.0 = Debug|Any CPU
		{2245AAEB-B1B2-43B7-83AA-937C90C5F2C0}.Release|Any CPU.ActiveCfg = Release|Any CPU
		{2245AAEB-B1B2-43B7-83AA-937C90C5F2C0}.Release|Any CPU.Build.0 = Release|Any CPU
	EndGlobalSection
	GlobalSection(SolutionProperties) = preSolution
		HideSolutionNode = FALSE
	EndGlobalSection
	GlobalSection(ExtensibilityGlobals) = postSolution
		SolutionGuid = {E9B5F22C-ECFD-4B55-8EDF-BF0DF32CDCB0}
	EndGlobalSection
EndGlobal
